
Microsoft Visual Studio Solution File, Format Version 12.00
# Visual Studio 15
VisualStudioVersion = 15.0.27130.0
MinimumVisualStudioVersion = 10.0.40219.1
Project("{FAE04EC0-301F-11D3-BF4B-00C04F79EFBC}") = "IsoPaint", "IsoPaint\IsoPaint.csproj", "{7D10AC59-33BE-4B78-8D7F-58E78ADF80CE}"
EndProject
Project("{2150E333-8FDC-42A3-9474-1A3956D46DE8}") = "MVVM", "MVVM", "{98A2CD8A-70B8-4D3B-A849-3CD3F9E2F008}"
EndProject
Project("{FAE04EC0-301F-11D3-BF4B-00C04F79EFBC}") = "ViewModelLib", "..\ViewModelLib\ViewModelLib\ViewModelLib.csproj", "{A2E698ED-07B6-4D19-B135-B754A1EE6FCE}"
EndProject
Project("{2150E333-8FDC-42A3-9474-1A3956D46DE8}") = "Misc", "Misc", "{C472B832-969C-444A-B022-61A5D11CA2C5}"
EndProject
Project("{FAE04EC0-301F-11D3-BF4B-00C04F79EFBC}") = "LogLib", "..\LogLib\LogLib\LogLib.csproj", "{EF4B0001-2859-4A09-8F95-3E5BEF4A5272}"
EndProject
Project("{FAE04EC0-301F-11D3-BF4B-00C04F79EFBC}") = "ViewLib", "..\ViewLib\ViewLib\ViewLib.csproj", "{BE2D656E-7805-4288-ADC7-479B75CA112D}"
EndProject
Global
	GlobalSection(SolutionConfigurationPlatforms) = preSolution
		Debug|Any CPU = Debug|Any CPU
		Release|Any CPU = Release|Any CPU
	EndGlobalSection
	GlobalSection(ProjectConfigurationPlatforms) = postSolution
		{7D10AC59-33BE-4B78-8D7F-58E78ADF80CE}.Debug|Any CPU.ActiveCfg = Debug|Any CPU
		{7D10AC59-33BE-4B78-8D7F-58E78ADF80CE}.Debug|Any CPU.Build.0 = Debug|Any CPU
		{7D10AC59-33BE-4B78-8D7F-58E78ADF80CE}.Release|Any CPU.ActiveCfg = Release|Any CPU
		{7D10AC59-33BE-4B78-8D7F-58E78ADF80CE}.Release|Any CPU.Build.0 = Release|Any CPU
		{A2E698ED-07B6-4D19-B135-B754A1EE6FCE}.Debug|Any CPU.ActiveCfg = Debug|Any CPU
		{A2E698ED-07B6-4D19-B135-B754A1EE6FCE}.Debug|Any CPU.Build.0 = Debug|Any CPU
		{A2E698ED-07B6-4D19-B135-B754A1EE6FCE}.Release|Any CPU.ActiveCfg = Release|Any CPU
		{A2E698ED-07B6-4D19-B135-B754A1EE6FCE}.Release|Any CPU.Build.0 = Release|Any CPU
		{EF4B0001-2859-4A09-8F95-3E5BEF4A5272}.Debug|Any CPU.ActiveCfg = Debug|Any CPU
		{EF4B0001-2859-4A09-8F95-3E5BEF4A5272}.Debug|Any CPU.Build.0 = Debug|Any CPU
		{EF4B0001-2859-4A09-8F95-3E5BEF4A5272}.Release|Any CPU.ActiveCfg = Release|Any CPU
		{EF4B0001-2859-4A09-8F95-3E5BEF4A5272}.Release|Any CPU.Build.0 = Release|Any CPU
		{BE2D656E-7805-4288-ADC7-479B75CA112D}.Debug|Any CPU.ActiveCfg = Debug|Any CPU
		{BE2D656E-7805-4288-ADC7-479B75CA112D}.Debug|Any CPU.Build.0 = Debug|Any CPU
		{BE2D656E-7805-4288-ADC7-479B75CA112D}.Release|Any CPU.ActiveCfg = Release|Any CPU
		{BE2D656E-7805-4288-ADC7-479B75CA112D}.Release|Any CPU.Build.0 = Release|Any CPU
	EndGlobalSection
	GlobalSection(SolutionProperties) = preSolution
		HideSolutionNode = FALSE
	EndGlobalSection
	GlobalSection(NestedProjects) = preSolution
		{A2E698ED-07B6-4D19-B135-B754A1EE6FCE} = {98A2CD8A-70B8-4D3B-A849-3CD3F9E2F008}
		{EF4B0001-2859-4A09-8F95-3E5BEF4A5272} = {C472B832-969C-444A-B022-61A5D11CA2C5}
		{BE2D656E-7805-4288-ADC7-479B75CA112D} = {98A2CD8A-70B8-4D3B-A849-3CD3F9E2F008}
	EndGlobalSection
	GlobalSection(ExtensibilityGlobals) = postSolution
		SolutionGuid = {A4C3C0F9-5C8B-4C87-9A93-5D75AA4C9617}
	EndGlobalSection
EndGlobal
